
Microsoft Visual Studio Solution File, Format Version 12.00
# Visual Studio Version 16
VisualStudioVersion = 16.0.31702.278
MinimumVisualStudioVersion = 10.0.40219.1
Project("{FAE04EC0-301F-11D3-BF4B-00C04F79EFBC}") = "DataTier", "DataTier\DataTier.csproj", "{D719C8AD-33ED-45B9-ACB1-F7618E6DFFF3}"
EndProject
Project("{FAE04EC0-301F-11D3-BF4B-00C04F79EFBC}") = "LogicTier", "LogicTier\LogicTier.csproj", "{626AFE53-DD5F-420E-8B17-BCF8BC34AAFC}"
EndProject
Project("{FAE04EC0-301F-11D3-BF4B-00C04F79EFBC}") = "PresentationTier", "PresentationTier\PresentationTier.csproj", "{DC65ABD8-030E-4147-AD26-BE52E7A5EFC3}"
EndProject
Global
	GlobalSection(SolutionConfigurationPlatforms) = preSolution
		Debug|Any CPU = Debug|Any CPU
		Release|Any CPU = Release|Any CPU
	EndGlobalSection
	GlobalSection(ProjectConfigurationPlatforms) = postSolution
		{D719C8AD-33ED-45B9-ACB1-F7618E6DFFF3}.Debug|Any CPU.ActiveCfg = Debug|Any CPU
		{D719C8AD-33ED-45B9-ACB1-F7618E6DFFF3}.Debug|Any CPU.Build.0 = Debug|Any CPU
		{D719C8AD-33ED-45B9-ACB1-F7618E6DFFF3}.Release|Any CPU.ActiveCfg = Release|Any CPU
		{D719C8AD-33ED-45B9-ACB1-F7618E6DFFF3}.Release|Any CPU.Build.0 = Release|Any CPU
		{626AFE53-DD5F-420E-8B17-BCF8BC34AAFC}.Debug|Any CPU.ActiveCfg = Debug|Any CPU
		{626AFE53-DD5F-420E-8B17-BCF8BC34AAFC}.Debug|Any CPU.Build.0 = Debug|Any CPU
		{626AFE53-DD5F-420E-8B17-BCF8BC34AAFC}.Release|Any CPU.ActiveCfg = Release|Any CPU
		{626AFE53-DD5F-420E-8B17-BCF8BC34AAFC}.Release|Any CPU.Build.0 = Release|Any CPU
		{DC65ABD8-030E-4147-AD26-BE52E7A5EFC3}.Debug|Any CPU.ActiveCfg = Debug|Any CPU
		{DC65ABD8-030E-4147-AD26-BE52E7A5EFC3}.Debug|Any CPU.Build.0 = Debug|Any CPU
		{DC65ABD8-030E-4147-AD26-BE52E7A5EFC3}.Release|Any CPU.ActiveCfg = Release|Any CPU
		{DC65ABD8-030E-4147-AD26-BE52E7A5EFC3}.Release|Any CPU.Build.0 = Release|Any CPU
	EndGlobalSection
	GlobalSection(SolutionProperties) = preSolution
		HideSolutionNode = FALSE
	EndGlobalSection
	GlobalSection(ExtensibilityGlobals) = postSolution
		SolutionGuid = {A5F17D4B-BEB2-4102-B7B6-3A331C6A2A64}
	EndGlobalSection
EndGlobal
