
Microsoft Visual Studio Solution File, Format Version 12.00
# Visual Studio Version 17
VisualStudioVersion = 17.3.32901.215
MinimumVisualStudioVersion = 10.0.40219.1
Project("{FAE04EC0-301F-11D3-BF4B-00C04F79EFBC}") = "Educ", "Educ\Educ.csproj", "{7A68CAAB-3961-43EC-97DB-BBC05F40DCB7}"
EndProject
Global
	GlobalSection(SolutionConfigurationPlatforms) = preSolution
		Debug|Any CPU = Debug|Any CPU
		Release|Any CPU = Release|Any CPU
	EndGlobalSection
	GlobalSection(ProjectConfigurationPlatforms) = postSolution
		{7A68CAAB-3961-43EC-97DB-BBC05F40DCB7}.Debug|Any CPU.ActiveCfg = Debug|Any CPU
		{7A68CAAB-3961-43EC-97DB-BBC05F40DCB7}.Debug|Any CPU.Build.0 = Debug|Any CPU
		{7A68CAAB-3961-43EC-97DB-BBC05F40DCB7}.Release|Any CPU.ActiveCfg = Release|Any CPU
		{7A68CAAB-3961-43EC-97DB-BBC05F40DCB7}.Release|Any CPU.Build.0 = Release|Any CPU
	EndGlobalSection
	GlobalSection(SolutionProperties) = preSolution
		HideSolutionNode = FALSE
	EndGlobalSection
	GlobalSection(ExtensibilityGlobals) = postSolution
		SolutionGuid = {085B10AF-2ABF-4FEE-B210-C0D2B076E342}
	EndGlobalSection
EndGlobal
