
Microsoft Visual Studio Solution File, Format Version 12.00
# Visual Studio Version 17
VisualStudioVersion = 17.14.36401.2 d17.14
MinimumVisualStudioVersion = 10.0.40219.1
Project("{FAE04EC0-301F-11D3-BF4B-00C04F79EFBC}") = "TravelAgency_DB_GUI", "TravelAgency_DB_GUI.csproj", "{A30AD0DC-52DA-43DB-8D2A-342DDC9F0146}"
EndProject
Global
	GlobalSection(SolutionConfigurationPlatforms) = preSolution
		Debug|Any CPU = Debug|Any CPU
		Release|Any CPU = Release|Any CPU
	EndGlobalSection
	GlobalSection(ProjectConfigurationPlatforms) = postSolution
		{A30AD0DC-52DA-43DB-8D2A-342DDC9F0146}.Debug|Any CPU.ActiveCfg = Debug|Any CPU
		{A30AD0DC-52DA-43DB-8D2A-342DDC9F0146}.Debug|Any CPU.Build.0 = Debug|Any CPU
		{A30AD0DC-52DA-43DB-8D2A-342DDC9F0146}.Release|Any CPU.ActiveCfg = Release|Any CPU
		{A30AD0DC-52DA-43DB-8D2A-342DDC9F0146}.Release|Any CPU.Build.0 = Release|Any CPU
	EndGlobalSection
	GlobalSection(SolutionProperties) = preSolution
		HideSolutionNode = FALSE
	EndGlobalSection
	GlobalSection(ExtensibilityGlobals) = postSolution
		SolutionGuid = {7327AFF9-CE60-46EE-B5FC-736974F927D2}
	EndGlobalSection
EndGlobal
